
Microsoft Visual Studio Solution File, Format Version 12.00
# Visual Studio Version 17
VisualStudioVersion = 17.7.34221.43
MinimumVisualStudioVersion = 10.0.40219.1
Project("{9A19103F-16F7-4668-BE54-9A1E7A4F7556}") = "Expense App", "Expense App.csproj", "{56FE07C6-1788-49BE-92E1-FE8D4AF21E48}"
EndProject
Project("{FAE04EC0-301F-11D3-BF4B-00C04F79EFBC}") = "WindowsFormsApp", "..\WindowsFormsApp\WindowsFormsApp.csproj", "{9FC8250E-CFFE-4B51-8268-8B4F43EB7238}"
EndProject
Global
	GlobalSection(SolutionConfigurationPlatforms) = preSolution
		Debug|Any CPU = Debug|Any CPU
		Release|Any CPU = Release|Any CPU
	EndGlobalSection
	GlobalSection(ProjectConfigurationPlatforms) = postSolution
		{56FE07C6-1788-49BE-92E1-FE8D4AF21E48}.Debug|Any CPU.ActiveCfg = Debug|Any CPU
		{56FE07C6-1788-49BE-92E1-FE8D4AF21E48}.Debug|Any CPU.Build.0 = Debug|Any CPU
		{56FE07C6-1788-49BE-92E1-FE8D4AF21E48}.Release|Any CPU.ActiveCfg = Release|Any CPU
		{56FE07C6-1788-49BE-92E1-FE8D4AF21E48}.Release|Any CPU.Build.0 = Release|Any CPU
		{9FC8250E-CFFE-4B51-8268-8B4F43EB7238}.Debug|Any CPU.ActiveCfg = Debug|Any CPU
		{9FC8250E-CFFE-4B51-8268-8B4F43EB7238}.Debug|Any CPU.Build.0 = Debug|Any CPU
		{9FC8250E-CFFE-4B51-8268-8B4F43EB7238}.Release|Any CPU.ActiveCfg = Release|Any CPU
		{9FC8250E-CFFE-4B51-8268-8B4F43EB7238}.Release|Any CPU.Build.0 = Release|Any CPU
	EndGlobalSection
	GlobalSection(SolutionProperties) = preSolution
		HideSolutionNode = FALSE
	EndGlobalSection
	GlobalSection(ExtensibilityGlobals) = postSolution
		SolutionGuid = {A540F912-1834-4DA3-A018-9C79626F45A3}
	EndGlobalSection
EndGlobal
